# THIS IS AN AUTOGENERATED FILE. DO NOT EDIT THIS FILE DIRECTLY.
# yarn lockfile v1


"core-js@^3.21.1":
  "integrity" "sha512-FRq5b/VMrWlrmCzwRrpDYNxyHP9BcAZC+xHJaqTgIE5091ZV1NTmyh0sGOg5XqpnHvR0svdy0sv1gWA1zmhxig=="
  "resolved" "https://registry.npmjs.org/core-js/-/core-js-3.21.1.tgz"
  "version" "3.21.1"
